
Microsoft Visual Studio Solution File, Format Version 12.00
# Visual Studio 2012
Project("{FAE04EC0-301F-11D3-BF4B-00C04F79EFBC}") = "Backend", "Backend\Backend.csproj", "{3A36DBC3-5E6C-413C-AE65-BE4D36ADACC1}"
EndProject
Project("{FAE04EC0-301F-11D3-BF4B-00C04F79EFBC}") = "DataModel", "DataModel\DataModel.csproj", "{4930B977-4676-4E64-BF6F-0101E759C2CF}"
EndProject
Global
	GlobalSection(SolutionConfigurationPlatforms) = preSolution
		Debug|Any CPU = Debug|Any CPU
		Release|Any CPU = Release|Any CPU
	EndGlobalSection
	GlobalSection(ProjectConfigurationPlatforms) = postSolution
		{3A36DBC3-5E6C-413C-AE65-BE4D36ADACC1}.Debug|Any CPU.ActiveCfg = Debug|Any CPU
		{3A36DBC3-5E6C-413C-AE65-BE4D36ADACC1}.Debug|Any CPU.Build.0 = Debug|Any CPU
		{3A36DBC3-5E6C-413C-AE65-BE4D36ADACC1}.Release|Any CPU.ActiveCfg = Release|Any CPU
		{3A36DBC3-5E6C-413C-AE65-BE4D36ADACC1}.Release|Any CPU.Build.0 = Release|Any CPU
		{4930B977-4676-4E64-BF6F-0101E759C2CF}.Debug|Any CPU.ActiveCfg = Debug|Any CPU
		{4930B977-4676-4E64-BF6F-0101E759C2CF}.Debug|Any CPU.Build.0 = Debug|Any CPU
		{4930B977-4676-4E64-BF6F-0101E759C2CF}.Release|Any CPU.ActiveCfg = Release|Any CPU
		{4930B977-4676-4E64-BF6F-0101E759C2CF}.Release|Any CPU.Build.0 = Release|Any CPU
	EndGlobalSection
	GlobalSection(SolutionProperties) = preSolution
		HideSolutionNode = FALSE
	EndGlobalSection
EndGlobal
